
Microsoft Visual Studio Solution File, Format Version 12.00
# Visual Studio Version 16
VisualStudioVersion = 16.0.32106.194
MinimumVisualStudioVersion = 10.0.40219.1
Project("{FAE04EC0-301F-11D3-BF4B-00C04F79EFBC}") = "DocumentOutline Example", "DocumentOutline Example\DocumentOutline Example.csproj", "{433958A6-1466-4C2A-831F-A66AF4D0DE06}"
EndProject
Project("{FAE04EC0-301F-11D3-BF4B-00C04F79EFBC}") = "MouseClick", "MouseClick\MouseClick.csproj", "{055A039E-6E06-4A3D-A030-893D60A5CCDD}"
EndProject
Project("{FAE04EC0-301F-11D3-BF4B-00C04F79EFBC}") = "DialogForms", "DialogForms\DialogForms.csproj", "{57A03B45-3082-472B-8B7E-C000B68CAAF7}"
EndProject
Global
	GlobalSection(SolutionConfigurationPlatforms) = preSolution
		Debug|Any CPU = Debug|Any CPU
		Release|Any CPU = Release|Any CPU
	EndGlobalSection
	GlobalSection(ProjectConfigurationPlatforms) = postSolution
		{433958A6-1466-4C2A-831F-A66AF4D0DE06}.Debug|Any CPU.ActiveCfg = Debug|Any CPU
		{433958A6-1466-4C2A-831F-A66AF4D0DE06}.Debug|Any CPU.Build.0 = Debug|Any CPU
		{433958A6-1466-4C2A-831F-A66AF4D0DE06}.Release|Any CPU.ActiveCfg = Release|Any CPU
		{433958A6-1466-4C2A-831F-A66AF4D0DE06}.Release|Any CPU.Build.0 = Release|Any CPU
		{055A039E-6E06-4A3D-A030-893D60A5CCDD}.Debug|Any CPU.ActiveCfg = Debug|Any CPU
		{055A039E-6E06-4A3D-A030-893D60A5CCDD}.Debug|Any CPU.Build.0 = Debug|Any CPU
		{055A039E-6E06-4A3D-A030-893D60A5CCDD}.Release|Any CPU.ActiveCfg = Release|Any CPU
		{055A039E-6E06-4A3D-A030-893D60A5CCDD}.Release|Any CPU.Build.0 = Release|Any CPU
		{57A03B45-3082-472B-8B7E-C000B68CAAF7}.Debug|Any CPU.ActiveCfg = Debug|Any CPU
		{57A03B45-3082-472B-8B7E-C000B68CAAF7}.Debug|Any CPU.Build.0 = Debug|Any CPU
		{57A03B45-3082-472B-8B7E-C000B68CAAF7}.Release|Any CPU.ActiveCfg = Release|Any CPU
		{57A03B45-3082-472B-8B7E-C000B68CAAF7}.Release|Any CPU.Build.0 = Release|Any CPU
	EndGlobalSection
	GlobalSection(SolutionProperties) = preSolution
		HideSolutionNode = FALSE
	EndGlobalSection
	GlobalSection(ExtensibilityGlobals) = postSolution
		SolutionGuid = {9D1EB4F5-A405-4082-B9CE-A418582593EB}
	EndGlobalSection
EndGlobal
